
Microsoft Visual Studio Solution File, Format Version 12.00
# Visual Studio Version 16
VisualStudioVersion = 16.0.31205.134
MinimumVisualStudioVersion = 10.0.40219.1
Project("{9A19103F-16F7-4668-BE54-9A1E7A4F7556}") = "SatellitesTravelling", "SatellitesTravelling\SatellitesTravelling.csproj", "{96A686DD-03D3-49EA-8845-B1AD451B9DE2}"
EndProject
Project("{FAE04EC0-301F-11D3-BF4B-00C04F79EFBC}") = "DisjointSet", "DisjointSet\DisjointSet.csproj", "{5336455C-1C51-4128-9D33-04D1408E273C}"
EndProject
Project("{FAE04EC0-301F-11D3-BF4B-00C04F79EFBC}") = "SatelliteUnitTests", "SatelliteUnitTests\SatelliteUnitTests.csproj", "{91736545-6EED-4A60-98AF-68C7F09FB8BA}"
EndProject
Global
	GlobalSection(SolutionConfigurationPlatforms) = preSolution
		Debug|Any CPU = Debug|Any CPU
		Release|Any CPU = Release|Any CPU
	EndGlobalSection
	GlobalSection(ProjectConfigurationPlatforms) = postSolution
		{96A686DD-03D3-49EA-8845-B1AD451B9DE2}.Debug|Any CPU.ActiveCfg = Debug|Any CPU
		{96A686DD-03D3-49EA-8845-B1AD451B9DE2}.Debug|Any CPU.Build.0 = Debug|Any CPU
		{96A686DD-03D3-49EA-8845-B1AD451B9DE2}.Release|Any CPU.ActiveCfg = Release|Any CPU
		{96A686DD-03D3-49EA-8845-B1AD451B9DE2}.Release|Any CPU.Build.0 = Release|Any CPU
		{5336455C-1C51-4128-9D33-04D1408E273C}.Debug|Any CPU.ActiveCfg = Debug|Any CPU
		{5336455C-1C51-4128-9D33-04D1408E273C}.Debug|Any CPU.Build.0 = Debug|Any CPU
		{5336455C-1C51-4128-9D33-04D1408E273C}.Release|Any CPU.ActiveCfg = Release|Any CPU
		{5336455C-1C51-4128-9D33-04D1408E273C}.Release|Any CPU.Build.0 = Release|Any CPU
		{91736545-6EED-4A60-98AF-68C7F09FB8BA}.Debug|Any CPU.ActiveCfg = Debug|Any CPU
		{91736545-6EED-4A60-98AF-68C7F09FB8BA}.Debug|Any CPU.Build.0 = Debug|Any CPU
		{91736545-6EED-4A60-98AF-68C7F09FB8BA}.Release|Any CPU.ActiveCfg = Release|Any CPU
		{91736545-6EED-4A60-98AF-68C7F09FB8BA}.Release|Any CPU.Build.0 = Release|Any CPU
	EndGlobalSection
	GlobalSection(SolutionProperties) = preSolution
		HideSolutionNode = FALSE
	EndGlobalSection
	GlobalSection(ExtensibilityGlobals) = postSolution
		SolutionGuid = {B0CD52B5-87A1-4A0E-A582-1AAC8DD567D7}
	EndGlobalSection
EndGlobal
